
Microsoft Visual Studio Solution File, Format Version 12.00
# Visual Studio Version 17
VisualStudioVersion = 17.9.34728.123
MinimumVisualStudioVersion = 10.0.40219.1
Project("{FAE04EC0-301F-11D3-BF4B-00C04F79EFBC}") = "SCarrillo", "SCarrillo\SCarrillo.csproj", "{169E48D1-8F1E-4965-B767-C0C36D3AC36F}"
EndProject
Global
	GlobalSection(SolutionConfigurationPlatforms) = preSolution
		Debug|Any CPU = Debug|Any CPU
		Release|Any CPU = Release|Any CPU
	EndGlobalSection
	GlobalSection(ProjectConfigurationPlatforms) = postSolution
		{169E48D1-8F1E-4965-B767-C0C36D3AC36F}.Debug|Any CPU.ActiveCfg = Debug|Any CPU
		{169E48D1-8F1E-4965-B767-C0C36D3AC36F}.Debug|Any CPU.Build.0 = Debug|Any CPU
		{169E48D1-8F1E-4965-B767-C0C36D3AC36F}.Release|Any CPU.ActiveCfg = Release|Any CPU
		{169E48D1-8F1E-4965-B767-C0C36D3AC36F}.Release|Any CPU.Build.0 = Release|Any CPU
	EndGlobalSection
	GlobalSection(SolutionProperties) = preSolution
		HideSolutionNode = FALSE
	EndGlobalSection
	GlobalSection(ExtensibilityGlobals) = postSolution
		SolutionGuid = {AFADDDD9-A2DF-4308-90DD-6E444FAACDC0}
	EndGlobalSection
EndGlobal
